
Microsoft Visual Studio Solution File, Format Version 12.00
# Visual Studio Version 16
VisualStudioVersion = 16.0.30114.105
MinimumVisualStudioVersion = 10.0.40219.1
Project("{FAE04EC0-301F-11D3-BF4B-00C04F79EFBC}") = "API", "API\API.csproj", "{FBF7BFE4-1136-4017-A46B-9B59A58B6BF2}"
EndProject
Project("{FAE04EC0-301F-11D3-BF4B-00C04F79EFBC}") = "Application", "Application\Application.csproj", "{CAB5380A-F7A6-4260-BFDE-DB80D3ABCBA8}"
EndProject
Project("{FAE04EC0-301F-11D3-BF4B-00C04F79EFBC}") = "Persistence", "Persistence\Persistence.csproj", "{9AE65260-EC9A-4141-8173-5AD67F2E7C3B}"
EndProject
Project("{FAE04EC0-301F-11D3-BF4B-00C04F79EFBC}") = "Domain", "Domain\Domain.csproj", "{1E6934CC-1EBC-49CB-AF1D-E1B3FAEC8D89}"
EndProject
Global
	GlobalSection(SolutionConfigurationPlatforms) = preSolution
		Debug|Any CPU = Debug|Any CPU
		Debug|x64 = Debug|x64
		Debug|x86 = Debug|x86
		Release|Any CPU = Release|Any CPU
		Release|x64 = Release|x64
		Release|x86 = Release|x86
	EndGlobalSection
	GlobalSection(SolutionProperties) = preSolution
		HideSolutionNode = FALSE
	EndGlobalSection
	GlobalSection(ProjectConfigurationPlatforms) = postSolution
		{FBF7BFE4-1136-4017-A46B-9B59A58B6BF2}.Debug|Any CPU.ActiveCfg = Debug|Any CPU
		{FBF7BFE4-1136-4017-A46B-9B59A58B6BF2}.Debug|Any CPU.Build.0 = Debug|Any CPU
		{FBF7BFE4-1136-4017-A46B-9B59A58B6BF2}.Debug|x64.ActiveCfg = Debug|Any CPU
		{FBF7BFE4-1136-4017-A46B-9B59A58B6BF2}.Debug|x64.Build.0 = Debug|Any CPU
		{FBF7BFE4-1136-4017-A46B-9B59A58B6BF2}.Debug|x86.ActiveCfg = Debug|Any CPU
		{FBF7BFE4-1136-4017-A46B-9B59A58B6BF2}.Debug|x86.Build.0 = Debug|Any CPU
		{FBF7BFE4-1136-4017-A46B-9B59A58B6BF2}.Release|Any CPU.ActiveCfg = Release|Any CPU
		{FBF7BFE4-1136-4017-A46B-9B59A58B6BF2}.Release|Any CPU.Build.0 = Release|Any CPU
		{FBF7BFE4-1136-4017-A46B-9B59A58B6BF2}.Release|x64.ActiveCfg = Release|Any CPU
		{FBF7BFE4-1136-4017-A46B-9B59A58B6BF2}.Release|x64.Build.0 = Release|Any CPU
		{FBF7BFE4-1136-4017-A46B-9B59A58B6BF2}.Release|x86.ActiveCfg = Release|Any CPU
		{FBF7BFE4-1136-4017-A46B-9B59A58B6BF2}.Release|x86.Build.0 = Release|Any CPU
		{CAB5380A-F7A6-4260-BFDE-DB80D3ABCBA8}.Debug|Any CPU.ActiveCfg = Debug|Any CPU
		{CAB5380A-F7A6-4260-BFDE-DB80D3ABCBA8}.Debug|Any CPU.Build.0 = Debug|Any CPU
		{CAB5380A-F7A6-4260-BFDE-DB80D3ABCBA8}.Debug|x64.ActiveCfg = Debug|Any CPU
		{CAB5380A-F7A6-4260-BFDE-DB80D3ABCBA8}.Debug|x64.Build.0 = Debug|Any CPU
		{CAB5380A-F7A6-4260-BFDE-DB80D3ABCBA8}.Debug|x86.ActiveCfg = Debug|Any CPU
		{CAB5380A-F7A6-4260-BFDE-DB80D3ABCBA8}.Debug|x86.Build.0 = Debug|Any CPU
		{CAB5380A-F7A6-4260-BFDE-DB80D3ABCBA8}.Release|Any CPU.ActiveCfg = Release|Any CPU
		{CAB5380A-F7A6-4260-BFDE-DB80D3ABCBA8}.Release|Any CPU.Build.0 = Release|Any CPU
		{CAB5380A-F7A6-4260-BFDE-DB80D3ABCBA8}.Release|x64.ActiveCfg = Release|Any CPU
		{CAB5380A-F7A6-4260-BFDE-DB80D3ABCBA8}.Release|x64.Build.0 = Release|Any CPU
		{CAB5380A-F7A6-4260-BFDE-DB80D3ABCBA8}.Release|x86.ActiveCfg = Release|Any CPU
		{CAB5380A-F7A6-4260-BFDE-DB80D3ABCBA8}.Release|x86.Build.0 = Release|Any CPU
		{9AE65260-EC9A-4141-8173-5AD67F2E7C3B}.Debug|Any CPU.ActiveCfg = Debug|Any CPU
		{9AE65260-EC9A-4141-8173-5AD67F2E7C3B}.Debug|Any CPU.Build.0 = Debug|Any CPU
		{9AE65260-EC9A-4141-8173-5AD67F2E7C3B}.Debug|x64.ActiveCfg = Debug|Any CPU
		{9AE65260-EC9A-4141-8173-5AD67F2E7C3B}.Debug|x64.Build.0 = Debug|Any CPU
		{9AE65260-EC9A-4141-8173-5AD67F2E7C3B}.Debug|x86.ActiveCfg = Debug|Any CPU
		{9AE65260-EC9A-4141-8173-5AD67F2E7C3B}.Debug|x86.Build.0 = Debug|Any CPU
		{9AE65260-EC9A-4141-8173-5AD67F2E7C3B}.Release|Any CPU.ActiveCfg = Release|Any CPU
		{9AE65260-EC9A-4141-8173-5AD67F2E7C3B}.Release|Any CPU.Build.0 = Release|Any CPU
		{9AE65260-EC9A-4141-8173-5AD67F2E7C3B}.Release|x64.ActiveCfg = Release|Any CPU
		{9AE65260-EC9A-4141-8173-5AD67F2E7C3B}.Release|x64.Build.0 = Release|Any CPU
		{9AE65260-EC9A-4141-8173-5AD67F2E7C3B}.Release|x86.ActiveCfg = Release|Any CPU
		{9AE65260-EC9A-4141-8173-5AD67F2E7C3B}.Release|x86.Build.0 = Release|Any CPU
		{1E6934CC-1EBC-49CB-AF1D-E1B3FAEC8D89}.Debug|Any CPU.ActiveCfg = Debug|Any CPU
		{1E6934CC-1EBC-49CB-AF1D-E1B3FAEC8D89}.Debug|Any CPU.Build.0 = Debug|Any CPU
		{1E6934CC-1EBC-49CB-AF1D-E1B3FAEC8D89}.Debug|x64.ActiveCfg = Debug|Any CPU
		{1E6934CC-1EBC-49CB-AF1D-E1B3FAEC8D89}.Debug|x64.Build.0 = Debug|Any CPU
		{1E6934CC-1EBC-49CB-AF1D-E1B3FAEC8D89}.Debug|x86.ActiveCfg = Debug|Any CPU
		{1E6934CC-1EBC-49CB-AF1D-E1B3FAEC8D89}.Debug|x86.Build.0 = Debug|Any CPU
		{1E6934CC-1EBC-49CB-AF1D-E1B3FAEC8D89}.Release|Any CPU.ActiveCfg = Release|Any CPU
		{1E6934CC-1EBC-49CB-AF1D-E1B3FAEC8D89}.Release|Any CPU.Build.0 = Release|Any CPU
		{1E6934CC-1EBC-49CB-AF1D-E1B3FAEC8D89}.Release|x64.ActiveCfg = Release|Any CPU
		{1E6934CC-1EBC-49CB-AF1D-E1B3FAEC8D89}.Release|x64.Build.0 = Release|Any CPU
		{1E6934CC-1EBC-49CB-AF1D-E1B3FAEC8D89}.Release|x86.ActiveCfg = Release|Any CPU
		{1E6934CC-1EBC-49CB-AF1D-E1B3FAEC8D89}.Release|x86.Build.0 = Release|Any CPU
	EndGlobalSection
EndGlobal
